
Microsoft Visual Studio Solution File, Format Version 11.00
# Visual Studio 2010
Project("{E24C65DC-7377-472B-9ABA-BC803B73C61A}") = "Seminar", ".", "{7EAB9F92-AFDD-4B4A-A13F-17F565AE1282}"
	ProjectSection(WebsiteProperties) = preProject
		TargetFrameworkMoniker = ".NETFramework,Version%3Dv4.0"
		Debug.AspNetCompiler.VirtualPath = "/Seminar"
		Debug.AspNetCompiler.PhysicalPath = "..\Seminar\"
		Debug.AspNetCompiler.TargetPath = "PrecompiledWeb\Seminar\"
		Debug.AspNetCompiler.Updateable = "true"
		Debug.AspNetCompiler.ForceOverwrite = "true"
		Debug.AspNetCompiler.FixedNames = "false"
		Debug.AspNetCompiler.Debug = "True"
		Release.AspNetCompiler.VirtualPath = "/Seminar"
		Release.AspNetCompiler.PhysicalPath = "..\Seminar\"
		Release.AspNetCompiler.TargetPath = "PrecompiledWeb\Seminar\"
		Release.AspNetCompiler.Updateable = "true"
		Release.AspNetCompiler.ForceOverwrite = "true"
		Release.AspNetCompiler.FixedNames = "false"
		Release.AspNetCompiler.Debug = "False"
		VWDPort = "64515"
		DefaultWebSiteLanguage = "Visual C#"
	EndProjectSection
EndProject
Global
	GlobalSection(SolutionConfigurationPlatforms) = preSolution
		Debug|Any CPU = Debug|Any CPU
	EndGlobalSection
	GlobalSection(ProjectConfigurationPlatforms) = postSolution
		{7EAB9F92-AFDD-4B4A-A13F-17F565AE1282}.Debug|Any CPU.ActiveCfg = Debug|Any CPU
		{7EAB9F92-AFDD-4B4A-A13F-17F565AE1282}.Debug|Any CPU.Build.0 = Debug|Any CPU
	EndGlobalSection
	GlobalSection(SolutionProperties) = preSolution
		HideSolutionNode = FALSE
	EndGlobalSection
EndGlobal
